
Microsoft Visual Studio Solution File, Format Version 12.00
# Visual Studio 15
VisualStudioVersion = 15.0.27004.2005
MinimumVisualStudioVersion = 10.0.40219.1
Project("{FAE04EC0-301F-11D3-BF4B-00C04F79EFBC}") = "DADLunchComes", "DADLunchComes\DADLunchComes.csproj", "{0E256869-A608-4DAA-B34B-A4055DCA0A2D}"
EndProject
Project("{FAE04EC0-301F-11D3-BF4B-00C04F79EFBC}") = "FatherTerminal", "FatherTerminal\FatherTerminal.csproj", "{2C234AA1-DA29-4F0E-9598-C6DF7B66088F}"
EndProject
Global
	GlobalSection(SolutionConfigurationPlatforms) = preSolution
		Debug|Any CPU = Debug|Any CPU
		Release|Any CPU = Release|Any CPU
	EndGlobalSection
	GlobalSection(ProjectConfigurationPlatforms) = postSolution
		{0E256869-A608-4DAA-B34B-A4055DCA0A2D}.Debug|Any CPU.ActiveCfg = Debug|Any CPU
		{0E256869-A608-4DAA-B34B-A4055DCA0A2D}.Debug|Any CPU.Build.0 = Debug|Any CPU
		{0E256869-A608-4DAA-B34B-A4055DCA0A2D}.Release|Any CPU.ActiveCfg = Release|Any CPU
		{0E256869-A608-4DAA-B34B-A4055DCA0A2D}.Release|Any CPU.Build.0 = Release|Any CPU
		{2C234AA1-DA29-4F0E-9598-C6DF7B66088F}.Debug|Any CPU.ActiveCfg = Debug|Any CPU
		{2C234AA1-DA29-4F0E-9598-C6DF7B66088F}.Debug|Any CPU.Build.0 = Debug|Any CPU
		{2C234AA1-DA29-4F0E-9598-C6DF7B66088F}.Release|Any CPU.ActiveCfg = Release|Any CPU
		{2C234AA1-DA29-4F0E-9598-C6DF7B66088F}.Release|Any CPU.Build.0 = Release|Any CPU
	EndGlobalSection
	GlobalSection(SolutionProperties) = preSolution
		HideSolutionNode = FALSE
	EndGlobalSection
	GlobalSection(ExtensibilityGlobals) = postSolution
		SolutionGuid = {A421A409-FA1E-49DB-9C62-62FD3A95B0A4}
	EndGlobalSection
EndGlobal
